
Microsoft Visual Studio Solution File, Format Version 12.00
# Visual Studio Version 17
VisualStudioVersion = 17.13.35825.156 d17.13
MinimumVisualStudioVersion = 10.0.40219.1
Project("{FAE04EC0-301F-11D3-BF4B-00C04F79EFBC}") = "BulkyWeb", "BulkyWeb\BulkyWeb.csproj", "{BC10A202-CC19-4F06-BE77-163485FCDE3E}"
EndProject
Global
	GlobalSection(SolutionConfigurationPlatforms) = preSolution
		Debug|Any CPU = Debug|Any CPU
		Release|Any CPU = Release|Any CPU
	EndGlobalSection
	GlobalSection(ProjectConfigurationPlatforms) = postSolution
		{BC10A202-CC19-4F06-BE77-163485FCDE3E}.Debug|Any CPU.ActiveCfg = Debug|Any CPU
		{BC10A202-CC19-4F06-BE77-163485FCDE3E}.Debug|Any CPU.Build.0 = Debug|Any CPU
		{BC10A202-CC19-4F06-BE77-163485FCDE3E}.Release|Any CPU.ActiveCfg = Release|Any CPU
		{BC10A202-CC19-4F06-BE77-163485FCDE3E}.Release|Any CPU.Build.0 = Release|Any CPU
	EndGlobalSection
	GlobalSection(SolutionProperties) = preSolution
		HideSolutionNode = FALSE
	EndGlobalSection
	GlobalSection(ExtensibilityGlobals) = postSolution
		SolutionGuid = {1D93112C-8E32-4C6B-AA93-9B28E2ABFE0E}
	EndGlobalSection
EndGlobal
